
Microsoft Visual Studio Solution File, Format Version 12.00
# Visual Studio Version 16
VisualStudioVersion = 16.0.30717.126
MinimumVisualStudioVersion = 10.0.40219.1
Project("{FAE04EC0-301F-11D3-BF4B-00C04F79EFBC}") = "TwoBRenn", "TwoBRenn.csproj", "{D261F4BE-9D2E-4117-B13E-C469CDF0284B}"
EndProject
Global
	GlobalSection(SolutionConfigurationPlatforms) = preSolution
		Debug|Any CPU = Debug|Any CPU
		Release|Any CPU = Release|Any CPU
	EndGlobalSection
	GlobalSection(ProjectConfigurationPlatforms) = postSolution
		{D261F4BE-9D2E-4117-B13E-C469CDF0284B}.Debug|Any CPU.ActiveCfg = Debug|Any CPU
		{D261F4BE-9D2E-4117-B13E-C469CDF0284B}.Debug|Any CPU.Build.0 = Debug|Any CPU
		{D261F4BE-9D2E-4117-B13E-C469CDF0284B}.Release|Any CPU.ActiveCfg = Release|Any CPU
		{D261F4BE-9D2E-4117-B13E-C469CDF0284B}.Release|Any CPU.Build.0 = Release|Any CPU
	EndGlobalSection
	GlobalSection(SolutionProperties) = preSolution
		HideSolutionNode = FALSE
	EndGlobalSection
	GlobalSection(ExtensibilityGlobals) = postSolution
		SolutionGuid = {AA552EFC-6EA7-4039-AD51-5E89C25F39B5}
	EndGlobalSection
EndGlobal
